{
  "name": "motionize-skill",
  "lockfileVersion": 3,
  "requires": true,
  "packages": {
    "": {
      "name": "motionize-skill",
      "dependencies": {
        "@neplex/vectorizer": "0.1.0",
        "svgo": "3.3.5"
      }
    },
    "node_modules/@emnapi/wasi-threads": {
      "version": "1.2.3",
      "resolved": "https://registry.npmjs.org/@emnapi/wasi-threads/-/wasi-threads-1.2.3.tgz",
      "integrity": "sha512-ELEBe8PsLvvJ6QMr0zLt8ffvOHW/dc1m3CEzNMg7aJUv3bMaoDtw2TXyDAwkYBuroxxuHEwhRTLJSe5sya547g==",
      "license": "MIT",
      "optional": true,
      "dependencies": {
        "tslib": "^2.4.0"
      }
    },
    "node_modules/@napi-rs/wasm-runtime": {
      "version": "1.2.3",
      "resolved": "https://registry.npmjs.org/@napi-rs/wasm-runtime/-/wasm-runtime-1.2.3.tgz",
      "integrity": "sha512-UMduMbqO5s5zF2NkNacMT/yK5Y5QiKvWr2+50bzIIxFDwVJ2h49b+oyjaCGPhJxd2/gC2x39EHv/gHVuu36x2Q==",
      "license": "MIT",
      "optional": true,
      "dependencies": {
        "@tybys/wasm-util": "^0.10.3"
      },
      "engines": {
        "node": "^20.19.0 || ^22.13.0 || >=23.5.0"
      },
      "funding": {
        "type": "github",
        "url": "https://github.com/sponsors/Brooooooklyn"
      },
      "peerDependencies": {
        "@emnapi/core": "^1.7.1 || ^2.0.0-alpha.4",
        "@emnapi/runtime": "^1.7.1 || ^2.0.0-alpha.4"
      }
    },
    "node_modules/@neplex/vectorizer": {
      "version": "0.1.0",
      "resolved": "https://registry.npmjs.org/@neplex/vectorizer/-/vectorizer-0.1.0.tgz",
      "integrity": "sha512-J2cfkJG0hmOsC+QiPfkNSe8U68vW5SdaM8PjLMVgacmKfOtZKbU5syz3BqlfYoMlPjJlfzYdxwfH4GiAz5vLUQ==",
      "license": "MIT",
      "dependencies": {
        "commander": "^14.0.3",
        "picocolors": "^1.1.1"
      },
      "bin": {
        "vectorizer": "cli/index.mjs"
      },
      "engines": {
        "node": ">= 12.22.0 < 13 || >= 14.17.0 < 15 || >= 15.12.0 < 16 || >= 16.0.0"
      },
      "optionalDependencies": {
        "@neplex/vectorizer-android-arm-eabi": "0.1.0",
        "@neplex/vectorizer-android-arm64": "0.1.0",
        "@neplex/vectorizer-darwin-arm64": "0.1.0",
        "@neplex/vectorizer-darwin-x64": "0.1.0",
        "@neplex/vectorizer-freebsd-x64": "0.1.0",
        "@neplex/vectorizer-linux-arm-gnueabihf": "0.1.0",
        "@neplex/vectorizer-linux-arm64-gnu": "0.1.0",
        "@neplex/vectorizer-linux-arm64-musl": "0.1.0",
        "@neplex/vectorizer-linux-x64-gnu": "0.1.0",
        "@neplex/vectorizer-linux-x64-musl": "0.1.0",
        "@neplex/vectorizer-wasm32-wasi": "0.1.0",
        "@neplex/vectorizer-win32-arm64-msvc": "0.1.0",
        "@neplex/vectorizer-win32-ia32-msvc": "0.1.0",
        "@neplex/vectorizer-win32-x64-msvc": "0.1.0"
      }
    },
    "node_modules/@neplex/vectorizer-android-arm-eabi": {
      "version": "0.1.0",
      "resolved": "https://registry.npmjs.org/@neplex/vectorizer-android-arm-eabi/-/vectorizer-android-arm-eabi-0.1.0.tgz",
      "integrity": "sha512-QFCkiMEahk0zatLuEtUaTCLPfF6YfoPVSUPjxgkuNQJUc9By4s00Bk9LZK1DcM4O404MQauGxQPZF8r8U7NwWg==",
      "cpu": [
        "arm"
      ],
      "license": "MIT",
      "optional": true,
      "os": [
        "android"
      ],
      "engines": {
        "node": ">= 12.22.0 < 13 || >= 14.17.0 < 15 || >= 15.12.0 < 16 || >= 16.0.0"
      }
    },
    "node_modules/@neplex/vectorizer-android-arm64": {
      "version": "0.1.0",
      "resolved": "https://registry.npmjs.org/@neplex/vectorizer-android-arm64/-/vectorizer-android-arm64-0.1.0.tgz",
      "integrity": "sha512-+o3+9ahO14z+8lLQ/wZ9bY2DKZsyLtwqabaglfYXjXb8gV+cwNV0UBCEDvd2k21WXb/aYrar55Ayf8cNa+79Sg==",
      "cpu": [
        "arm64"
      ],
      "license": "MIT",
      "optional": true,
      "os": [
        "android"
      ],
      "engines": {
        "node": ">= 12.22.0 < 13 || >= 14.17.0 < 15 || >= 15.12.0 < 16 || >= 16.0.0"
      }
    },
    "node_modules/@neplex/vectorizer-darwin-arm64": {
      "version": "0.1.0",
      "resolved": "https://registry.npmjs.org/@neplex/vectorizer-darwin-arm64/-/vectorizer-darwin-arm64-0.1.0.tgz",
      "integrity": "sha512-6nPJgRwm+tZj4b4X8GEcKJUzPgrZaixYo5MLZ1/H40Vp5+UI4Ma9qx0ZsIyh/zhENddYPb7me7EjH0U3O9+JCA==",
      "cpu": [
        "arm64"
      ],
      "license": "MIT",
      "optional": true,
      "os": [
        "darwin"
      ],
      "engines": {
        "node": ">= 12.22.0 < 13 || >= 14.17.0 < 15 || >= 15.12.0 < 16 || >= 16.0.0"
      }
    },
    "node_modules/@neplex/vectorizer-darwin-x64": {
      "version": "0.1.0",
      "resolved": "https://registry.npmjs.org/@neplex/vectorizer-darwin-x64/-/vectorizer-darwin-x64-0.1.0.tgz",
      "integrity": "sha512-WnEtZLR1WG9satz3ZJ791nu7SCCDU7p00egqqGZFhQAmNRM3D0dC4bSfeJmLPvGifvCY9dqQo1XNswgpb0rPzg==",
      "cpu": [
        "x64"
      ],
      "license": "MIT",
      "optional": true,
      "os": [
        "darwin"
      ],
      "engines": {
        "node": ">= 12.22.0 < 13 || >= 14.17.0 < 15 || >= 15.12.0 < 16 || >= 16.0.0"
      }
    },
    "node_modules/@neplex/vectorizer-freebsd-x64": {
      "version": "0.1.0",
      "resolved": "https://registry.npmjs.org/@neplex/vectorizer-freebsd-x64/-/vectorizer-freebsd-x64-0.1.0.tgz",
      "integrity": "sha512-OSANfJirQvS9iyHbZFMoa8gT9Ife1YIhyWeAvLUqniUmQ1q3lAcONKPP14xClhznDI2a0m51H6NvCjvXMgBDrQ==",
      "cpu": [
        "x64"
      ],
      "license": "MIT",
      "optional": true,
      "os": [
        "freebsd"
      ],
      "engines": {
        "node": ">= 12.22.0 < 13 || >= 14.17.0 < 15 || >= 15.12.0 < 16 || >= 16.0.0"
      }
    },
    "node_modules/@neplex/vectorizer-linux-arm-gnueabihf": {
      "version": "0.1.0",
      "resolved": "https://registry.npmjs.org/@neplex/vectorizer-linux-arm-gnueabihf/-/vectorizer-linux-arm-gnueabihf-0.1.0.tgz",
      "integrity": "sha512-5Wm7rkYY6G6oSdb6Ee3LKtUkzYjtUvIUiIR80FtVNW6S3/d0HHzePKXljtric24fJsKPb/aWJzHZDqWy1T+bVQ==",
      "cpu": [
        "arm"
      ],
      "license": "MIT",
      "optional": true,
      "os": [
        "linux"
      ],
      "engines": {
        "node": ">= 12.22.0 < 13 || >= 14.17.0 < 15 || >= 15.12.0 < 16 || >= 16.0.0"
      }
    },
    "node_modules/@neplex/vectorizer-linux-arm64-gnu": {
      "version": "0.1.0",
      "resolved": "https://registry.npmjs.org/@neplex/vectorizer-linux-arm64-gnu/-/vectorizer-linux-arm64-gnu-0.1.0.tgz",
      "integrity": "sha512-7mvnTzzUW02tFx/Qun7FpO8d81g5xj05a+sd88s38VngE10euzQCiDgGRApxfHSBuiZ2pY7BDmEiZP5FKN8dvg==",
      "cpu": [
        "arm64"
      ],
      "license": "MIT",
      "optional": true,
      "os": [
        "linux"
      ],
      "engines": {
        "node": ">= 12.22.0 < 13 || >= 14.17.0 < 15 || >= 15.12.0 < 16 || >= 16.0.0"
      }
    },
    "node_modules/@neplex/vectorizer-linux-arm64-musl": {
      "version": "0.1.0",
      "resolved": "https://registry.npmjs.org/@neplex/vectorizer-linux-arm64-musl/-/vectorizer-linux-arm64-musl-0.1.0.tgz",
      "integrity": "sha512-+WecJ4zyeVQgT1ZIJNH5z6IomkKeTQKWlq8W2eYLfKNKv/UZ0Wj09ANnkFPoZeagk6jH4WdPs/L/Ot6MwO44Dg==",
      "cpu": [
        "arm64"
      ],
      "license": "MIT",
      "optional": true,
      "os": [
        "linux"
      ],
      "engines": {
        "node": ">= 12.22.0 < 13 || >= 14.17.0 < 15 || >= 15.12.0 < 16 || >= 16.0.0"
      }
    },
    "node_modules/@neplex/vectorizer-linux-x64-gnu": {
      "version": "0.1.0",
      "resolved": "https://registry.npmjs.org/@neplex/vectorizer-linux-x64-gnu/-/vectorizer-linux-x64-gnu-0.1.0.tgz",
      "integrity": "sha512-ZZOdYvIdygg61c1eSXdBDxPKLrVDAYLaPX7mJtgAM+3C3kSuiDKQHWUGqhcFTlo2oDSWA93Bc0pqaVJBdGW3tA==",
      "cpu": [
        "x64"
      ],
      "license": "MIT",
      "optional": true,
      "os": [
        "linux"
      ],
      "engines": {
        "node": ">= 12.22.0 < 13 || >= 14.17.0 < 15 || >= 15.12.0 < 16 || >= 16.0.0"
      }
    },
    "node_modules/@neplex/vectorizer-linux-x64-musl": {
      "version": "0.1.0",
      "resolved": "https://registry.npmjs.org/@neplex/vectorizer-linux-x64-musl/-/vectorizer-linux-x64-musl-0.1.0.tgz",
      "integrity": "sha512-T9QgcxddN7mF/8JrA1FNr7F3EwKKwWFFl2v8tndRtDU1N/2wLj+1drSzgJZjxcTjlMG3yOcLhDqFXq7Nsxwwkg==",
      "cpu": [
        "x64"
      ],
      "license": "MIT",
      "optional": true,
      "os": [
        "linux"
      ],
      "engines": {
        "node": ">= 12.22.0 < 13 || >= 14.17.0 < 15 || >= 15.12.0 < 16 || >= 16.0.0"
      }
    },
    "node_modules/@neplex/vectorizer-wasm32-wasi": {
      "version": "0.1.0",
      "resolved": "https://registry.npmjs.org/@neplex/vectorizer-wasm32-wasi/-/vectorizer-wasm32-wasi-0.1.0.tgz",
      "integrity": "sha512-rEQs14UTfQqh69uxwRo2aJiDzymdOx+j/5pl7sDuEITsx/6nb60dsZkd8gkyuNzBeYSTt8lSSL3sxEmHXQauPw==",
      "cpu": [
        "wasm32"
      ],
      "license": "MIT",
      "optional": true,
      "dependencies": {
        "@napi-rs/wasm-runtime": "^1.1.4"
      },
      "engines": {
        "node": ">=14.0.0"
      }
    },
    "node_modules/@neplex/vectorizer-win32-arm64-msvc": {
      "version": "0.1.0",
      "resolved": "https://registry.npmjs.org/@neplex/vectorizer-win32-arm64-msvc/-/vectorizer-win32-arm64-msvc-0.1.0.tgz",
      "integrity": "sha512-QdzriEzZHlzaCFZKw4GgMZ2cUomD+fAgOFs4qYVFQ9K2weyJzTNsCam3gb6xZFhFJ/REPVbNdAB46W6RyAjLBA==",
      "cpu": [
        "arm64"
      ],
      "license": "MIT",
      "optional": true,
      "os": [
        "win32"
      ],
      "engines": {
        "node": ">= 12.22.0 < 13 || >= 14.17.0 < 15 || >= 15.12.0 < 16 || >= 16.0.0"
      }
    },
    "node_modules/@neplex/vectorizer-win32-ia32-msvc": {
      "version": "0.1.0",
      "resolved": "https://registry.npmjs.org/@neplex/vectorizer-win32-ia32-msvc/-/vectorizer-win32-ia32-msvc-0.1.0.tgz",
      "integrity": "sha512-z6E5GQcFCQMdJ5HeoHg5KpJJSuq0MPxW2HhPgOjWYnykF4aIwtLAqQdnNTQtKpuunsjoLtK9iqx82+BYX/f64w==",
      "cpu": [
        "ia32"
      ],
      "license": "MIT",
      "optional": true,
      "os": [
        "win32"
      ],
      "engines": {
        "node": ">= 12.22.0 < 13 || >= 14.17.0 < 15 || >= 15.12.0 < 16 || >= 16.0.0"
      }
    },
    "node_modules/@neplex/vectorizer-win32-x64-msvc": {
      "version": "0.1.0",
      "resolved": "https://registry.npmjs.org/@neplex/vectorizer-win32-x64-msvc/-/vectorizer-win32-x64-msvc-0.1.0.tgz",
      "integrity": "sha512-OuFcznF1+CIs09X94PsfiyxwgkPpH8ZQQ81aPRjexFdLLLt5UpIOlsbUK2Ypb5u/bC/lCOpuUfP/bVP205YinQ==",
      "cpu": [
        "x64"
      ],
      "license": "MIT",
      "optional": true,
      "os": [
        "win32"
      ],
      "engines": {
        "node": ">= 12.22.0 < 13 || >= 14.17.0 < 15 || >= 15.12.0 < 16 || >= 16.0.0"
      }
    },
    "node_modules/@tybys/wasm-util": {
      "version": "0.10.3",
      "resolved": "https://registry.npmjs.org/@tybys/wasm-util/-/wasm-util-0.10.3.tgz",
      "integrity": "sha512-F3fo1MYrRJYL3zER0OUOmkutjr1Vp23m7OsSgp7nq4SP6OqX6C/56XFIPAl5bt3zaBRjmW7SGz3u/6LwFpYcOg==",
      "license": "MIT",
      "optional": true,
      "dependencies": {
        "tslib": "^2.4.0"
      }
    },
    "node_modules/boolbase": {
      "version": "1.0.0",
      "resolved": "https://registry.npmjs.org/boolbase/-/boolbase-1.0.0.tgz",
      "integrity": "sha512-JZOSA7Mo9sNGB8+UjSgzdLtokWAky1zbztM3WRLCbZ70/3cTANmQmOdR7y2g+J0e2WXywy1yS468tY+IruqEww==",
      "license": "ISC"
    },
    "node_modules/commander": {
      "version": "14.0.3",
      "resolved": "https://registry.npmjs.org/commander/-/commander-14.0.3.tgz",
      "integrity": "sha512-H+y0Jo/T1RZ9qPP4Eh1pkcQcLRglraJaSLoyOtHxu6AapkjWVCy2Sit1QQ4x3Dng8qDlSsZEet7g5Pq06MvTgw==",
      "license": "MIT",
      "engines": {
        "node": ">=20"
      }
    },
    "node_modules/css-select": {
      "version": "5.2.2",
      "resolved": "https://registry.npmjs.org/css-select/-/css-select-5.2.2.tgz",
      "integrity": "sha512-TizTzUddG/xYLA3NXodFM0fSbNizXjOKhqiQQwvhlspadZokn1KDy0NZFS0wuEubIYAV5/c1/lAr0TaaFXEXzw==",
      "license": "BSD-2-Clause",
      "dependencies": {
        "boolbase": "^1.0.0",
        "css-what": "^6.1.0",
        "domhandler": "^5.0.2",
        "domutils": "^3.0.1",
        "nth-check": "^2.0.1"
      },
      "funding": {
        "url": "https://github.com/sponsors/fb55"
      }
    },
    "node_modules/css-tree": {
      "version": "2.3.1",
      "resolved": "https://registry.npmjs.org/css-tree/-/css-tree-2.3.1.tgz",
      "integrity": "sha512-6Fv1DV/TYw//QF5IzQdqsNDjx/wc8TrMBZsqjL9eW01tWb7R7k/mq+/VXfJCl7SoD5emsJop9cOByJZfs8hYIw==",
      "license": "MIT",
      "dependencies": {
        "mdn-data": "2.0.30",
        "source-map-js": "^1.0.1"
      },
      "engines": {
        "node": "^10 || ^12.20.0 || ^14.13.0 || >=15.0.0"
      }
    },
    "node_modules/css-what": {
      "version": "6.2.2",
      "resolved": "https://registry.npmjs.org/css-what/-/css-what-6.2.2.tgz",
      "integrity": "sha512-u/O3vwbptzhMs3L1fQE82ZSLHQQfto5gyZzwteVIEyeaY5Fc7R4dapF/BvRoSYFeqfBk4m0V1Vafq5Pjv25wvA==",
      "license": "BSD-2-Clause",
      "engines": {
        "node": ">= 6"
      },
      "funding": {
        "url": "https://github.com/sponsors/fb55"
      }
    },
    "node_modules/csso": {
      "version": "5.0.5",
      "resolved": "https://registry.npmjs.org/csso/-/csso-5.0.5.tgz",
      "integrity": "sha512-0LrrStPOdJj+SPCCrGhzryycLjwcgUSHBtxNA8aIDxf0GLsRh1cKYhB00Gd1lDOS4yGH69+SNn13+TWbVHETFQ==",
      "license": "MIT",
      "dependencies": {
        "css-tree": "~2.2.0"
      },
      "engines": {
        "node": "^10 || ^12.20.0 || ^14.13.0 || >=15.0.0",
        "npm": ">=7.0.0"
      }
    },
    "node_modules/csso/node_modules/css-tree": {
      "version": "2.2.1",
      "resolved": "https://registry.npmjs.org/css-tree/-/css-tree-2.2.1.tgz",
      "integrity": "sha512-OA0mILzGc1kCOCSJerOeqDxDQ4HOh+G8NbOJFOTgOCzpw7fCBubk0fEyxp8AgOL/jvLgYA/uV0cMbe43ElF1JA==",
      "license": "MIT",
      "dependencies": {
        "mdn-data": "2.0.28",
        "source-map-js": "^1.0.1"
      },
      "engines": {
        "node": "^10 || ^12.20.0 || ^14.13.0 || >=15.0.0",
        "npm": ">=7.0.0"
      }
    },
    "node_modules/csso/node_modules/mdn-data": {
      "version": "2.0.28",
      "resolved": "https://registry.npmjs.org/mdn-data/-/mdn-data-2.0.28.tgz",
      "integrity": "sha512-aylIc7Z9y4yzHYAJNuESG3hfhC+0Ibp/MAMiaOZgNv4pmEdFyfZhhhny4MNiAfWdBQ1RQ2mfDWmM1x8SvGyp8g==",
      "license": "CC0-1.0"
    },
    "node_modules/dom-serializer": {
      "version": "2.0.0",
      "resolved": "https://registry.npmjs.org/dom-serializer/-/dom-serializer-2.0.0.tgz",
      "integrity": "sha512-wIkAryiqt/nV5EQKqQpo3SToSOV9J0DnbJqwK7Wv/Trc92zIAYZ4FlMu+JPFW1DfGFt81ZTCGgDEabffXeLyJg==",
      "license": "MIT",
      "dependencies": {
        "domelementtype": "^2.3.0",
        "domhandler": "^5.0.2",
        "entities": "^4.2.0"
      },
      "funding": {
        "url": "https://github.com/cheeriojs/dom-serializer?sponsor=1"
      }
    },
    "node_modules/domelementtype": {
      "version": "2.3.0",
      "resolved": "https://registry.npmjs.org/domelementtype/-/domelementtype-2.3.0.tgz",
      "integrity": "sha512-OLETBj6w0OsagBwdXnPdN0cnMfF9opN69co+7ZrbfPGrdpPVNBUj02spi6B1N7wChLQiPn4CSH/zJvXw56gmHw==",
      "funding": [
        {
          "type": "github",
          "url": "https://github.com/sponsors/fb55"
        }
      ],
      "license": "BSD-2-Clause"
    },
    "node_modules/domhandler": {
      "version": "5.0.3",
      "resolved": "https://registry.npmjs.org/domhandler/-/domhandler-5.0.3.tgz",
      "integrity": "sha512-cgwlv/1iFQiFnU96XXgROh8xTeetsnJiDsTc7TYCLFd9+/WNkIqPTxiM/8pSd8VIrhXGTf1Ny1q1hquVqDJB5w==",
      "license": "BSD-2-Clause",
      "dependencies": {
        "domelementtype": "^2.3.0"
      },
      "engines": {
        "node": ">= 4"
      },
      "funding": {
        "url": "https://github.com/fb55/domhandler?sponsor=1"
      }
    },
    "node_modules/domutils": {
      "version": "3.2.2",
      "resolved": "https://registry.npmjs.org/domutils/-/domutils-3.2.2.tgz",
      "integrity": "sha512-6kZKyUajlDuqlHKVX1w7gyslj9MPIXzIFiz/rGu35uC1wMi+kMhQwGhl4lt9unC9Vb9INnY9Z3/ZA3+FhASLaw==",
      "license": "BSD-2-Clause",
      "dependencies": {
        "dom-serializer": "^2.0.0",
        "domelementtype": "^2.3.0",
        "domhandler": "^5.0.3"
      },
      "funding": {
        "url": "https://github.com/fb55/domutils?sponsor=1"
      }
    },
    "node_modules/entities": {
      "version": "4.5.0",
      "resolved": "https://registry.npmjs.org/entities/-/entities-4.5.0.tgz",
      "integrity": "sha512-V0hjH4dGPh9Ao5p0MoRY6BVqtwCjhz6vI5LT8AJ55H+4g9/4vbHx1I54fS0XuclLhDHArPQCiMjDxjaL8fPxhw==",
      "license": "BSD-2-Clause",
      "engines": {
        "node": ">=0.12"
      },
      "funding": {
        "url": "https://github.com/fb55/entities?sponsor=1"
      }
    },
    "node_modules/mdn-data": {
      "version": "2.0.30",
      "resolved": "https://registry.npmjs.org/mdn-data/-/mdn-data-2.0.30.tgz",
      "integrity": "sha512-GaqWWShW4kv/G9IEucWScBx9G1/vsFZZJUO+tD26M8J8z3Kw5RDQjaoZe03YAClgeS/SWPOcb4nkFBTEi5DUEA==",
      "license": "CC0-1.0"
    },
    "node_modules/nth-check": {
      "version": "2.1.1",
      "resolved": "https://registry.npmjs.org/nth-check/-/nth-check-2.1.1.tgz",
      "integrity": "sha512-lqjrjmaOoAnWfMmBPL+XNnynZh2+swxiX3WUE0s4yEHI6m+AwrK2UZOimIRl3X/4QctVqS8AiZjFqyOGrMXb/w==",
      "license": "BSD-2-Clause",
      "dependencies": {
        "boolbase": "^1.0.0"
      },
      "funding": {
        "url": "https://github.com/fb55/nth-check?sponsor=1"
      }
    },
    "node_modules/picocolors": {
      "version": "1.1.1",
      "resolved": "https://registry.npmjs.org/picocolors/-/picocolors-1.1.1.tgz",
      "integrity": "sha512-xceH2snhtb5M9liqDsmEw56le376mTZkEX/jEb/RxNFyegNul7eNslCXP9FDj/Lcu0X8KEyMceP2ntpaHrDEVA==",
      "license": "ISC"
    },
    "node_modules/sax": {
      "version": "1.6.1",
      "resolved": "https://registry.npmjs.org/sax/-/sax-1.6.1.tgz",
      "integrity": "sha512-42tBVwLWnaQvW5zc4HbZrTuWccECCZfBi92FDuwtqxasH+JbPB3/FOKb1m222K42R4WxuxzzMsTswfzgtSu64Q==",
      "license": "BlueOak-1.0.0",
      "engines": {
        "node": ">=11.0.0"
      }
    },
    "node_modules/source-map-js": {
      "version": "1.2.1",
      "resolved": "https://registry.npmjs.org/source-map-js/-/source-map-js-1.2.1.tgz",
      "integrity": "sha512-UXWMKhLOwVKb728IUtQPXxfYU+usdybtUrK/8uGE8CQMvrhOpwvzDBwj0QhSL7MQc7vIsISBG8VQ8+IDQxpfQA==",
      "license": "BSD-3-Clause",
      "engines": {
        "node": ">=0.10.0"
      }
    },
    "node_modules/svgo": {
      "version": "3.3.5",
      "resolved": "https://registry.npmjs.org/svgo/-/svgo-3.3.5.tgz",
      "integrity": "sha512-8SQMzdrvWaD8deUmrnYB+ASyxBVgWUOilg+A75nE/76WdLpj6LopCwiAVvkzkcqy/9b7t2Mg7faFLjg0ZRcZ3w==",
      "license": "MIT",
      "dependencies": {
        "commander": "^7.2.0",
        "css-select": "^5.1.0",
        "css-tree": "^2.3.1",
        "css-what": "^6.1.0",
        "csso": "^5.0.5",
        "picocolors": "^1.0.0",
        "sax": "^1.5.0"
      },
      "bin": {
        "svgo": "bin/svgo"
      },
      "engines": {
        "node": ">=14.0.0"
      },
      "funding": {
        "type": "opencollective",
        "url": "https://opencollective.com/svgo"
      }
    },
    "node_modules/svgo/node_modules/commander": {
      "version": "7.2.0",
      "resolved": "https://registry.npmjs.org/commander/-/commander-7.2.0.tgz",
      "integrity": "sha512-QrWXB+ZQSVPmIWIhtEO9H+gwHaMGYiF5ChvoJ+K9ZGHG/sVsa6yiesAD1GC/x46sET00Xlwo1u49RVVVzvcSkw==",
      "license": "MIT",
      "engines": {
        "node": ">= 10"
      }
    },
    "node_modules/tslib": {
      "version": "2.8.1",
      "resolved": "https://registry.npmjs.org/tslib/-/tslib-2.8.1.tgz",
      "integrity": "sha512-oJFu94HQb+KVduSUQL7wnpmqnfmLsOA/nAh6b6EH0wCEoK0/mPeXU6c3wKDV83MkOuHPRHtSXKKU99IBazS/2w==",
      "license": "0BSD",
      "optional": true
    }
  }
}
